
Microsoft Visual Studio Solution File, Format Version 12.00
# Visual Studio Version 17
VisualStudioVersion = 17.5.002.0
MinimumVisualStudioVersion = 10.0.40219.1
Project("{9A19103F-16F7-4668-BE54-9A1E7A4F7556}") = "minimal-api", "minimal-api.csproj", "{95D7FD70-6B07-40D5-A5C9-78C3E7E40FBB}"
EndProject
Global
	GlobalSection(SolutionConfigurationPlatforms) = preSolution
		Debug|Any CPU = Debug|Any CPU
		Release|Any CPU = Release|Any CPU
	EndGlobalSection
	GlobalSection(ProjectConfigurationPlatforms) = postSolution
		{95D7FD70-6B07-40D5-A5C9-78C3E7E40FBB}.Debug|Any CPU.ActiveCfg = Debug|Any CPU
		{95D7FD70-6B07-40D5-A5C9-78C3E7E40FBB}.Debug|Any CPU.Build.0 = Debug|Any CPU
		{95D7FD70-6B07-40D5-A5C9-78C3E7E40FBB}.Release|Any CPU.ActiveCfg = Release|Any CPU
		{95D7FD70-6B07-40D5-A5C9-78C3E7E40FBB}.Release|Any CPU.Build.0 = Release|Any CPU
	EndGlobalSection
	GlobalSection(SolutionProperties) = preSolution
		HideSolutionNode = FALSE
	EndGlobalSection
	GlobalSection(ExtensibilityGlobals) = postSolution
		SolutionGuid = {18409A06-2FC0-467A-9DFA-2DA83328E52B}
	EndGlobalSection
EndGlobal
